// !$*UTF8*$!
{
	archiveVersion = 1;
	classes = {
	};
	objectVersion = 46;
	objects = {

/* Begin PBXBuildFile section */
		D35F60ED1A5A413200EDAAF9 /* iflyMSC.framework in Frameworks */ = {isa = PBXBuildFile; fileRef = D35F60EC1A5A413200EDAAF9 /* iflyMSC.framework */; };
		D3DA6C5C1A415EB60078485C /* SBJson4Parser.m in Sources */ = {isa = PBXBuildFile; fileRef = D3DA6C4F1A415EB60078485C /* SBJson4Parser.m */; };
		D3DA6C5D1A415EB60078485C /* SBJson4StreamParser.m in Sources */ = {isa = PBXBuildFile; fileRef = D3DA6C511A415EB60078485C /* SBJson4StreamParser.m */; };
		D3DA6C5E1A415EB60078485C /* SBJson4StreamParserState.m in Sources */ = {isa = PBXBuildFile; fileRef = D3DA6C531A415EB60078485C /* SBJson4StreamParserState.m */; };
		D3DA6C5F1A415EB60078485C /* SBJson4StreamTokeniser.m in Sources */ = {isa = PBXBuildFile; fileRef = D3DA6C551A415EB60078485C /* SBJson4StreamTokeniser.m */; };
		D3DA6C601A415EB60078485C /* SBJson4StreamWriter.m in Sources */ = {isa = PBXBuildFile; fileRef = D3DA6C571A415EB60078485C /* SBJson4StreamWriter.m */; };
		D3DA6C611A415EB60078485C /* SBJson4StreamWriterState.m in Sources */ = {isa = PBXBuildFile; fileRef = D3DA6C591A415EB60078485C /* SBJson4StreamWriterState.m */; };
		D3DA6C621A415EB60078485C /* SBJson4Writer.m in Sources */ = {isa = PBXBuildFile; fileRef = D3DA6C5B1A415EB60078485C /* SBJson4Writer.m */; };
		D3DA6C671A44507E0078485C /* record_sign.wav in Resources */ = {isa = PBXBuildFile; fileRef = D3DA6C651A44507E0078485C /* record_sign.wav */; };
		D3DB3A161A3AFFC00004196F /* main.m in Sources */ = {isa = PBXBuildFile; fileRef = D3DB3A151A3AFFC00004196F /* main.m */; };
		D3DB3A191A3AFFC00004196F /* AppDelegate.m in Sources */ = {isa = PBXBuildFile; fileRef = D3DB3A181A3AFFC00004196F /* AppDelegate.m */; };
		D3DB3A1F1A3AFFC00004196F /* Main.storyboard in Resources */ = {isa = PBXBuildFile; fileRef = D3DB3A1D1A3AFFC00004196F /* Main.storyboard */; };
		D3DB3A211A3AFFC00004196F /* Images.xcassets in Resources */ = {isa = PBXBuildFile; fileRef = D3DB3A201A3AFFC00004196F /* Images.xcassets */; };
		D3DB3A241A3AFFC00004196F /* LaunchScreen.xib in Resources */ = {isa = PBXBuildFile; fileRef = D3DB3A221A3AFFC00004196F /* LaunchScreen.xib */; };
		D3DB3A301A3AFFC00004196F /* TsHspAppTests.m in Sources */ = {isa = PBXBuildFile; fileRef = D3DB3A2F1A3AFFC00004196F /* TsHspAppTests.m */; };
		D3DB3A3E1A3B00640004196F /* AQPlayer.mm in Sources */ = {isa = PBXBuildFile; fileRef = D3DB3A3A1A3B00640004196F /* AQPlayer.mm */; };
		D3DB3A3F1A3B00640004196F /* PcmPlayer.m in Sources */ = {isa = PBXBuildFile; fileRef = D3DB3A3C1A3B00640004196F /* PcmPlayer.m */; };
		D3DB3A401A3B00640004196F /* ViewController.mm in Sources */ = {isa = PBXBuildFile; fileRef = D3DB3A3D1A3B00640004196F /* ViewController.mm */; };
		D3DB3A451A3B009C0004196F /* AudioToolbox.framework in Frameworks */ = {isa = PBXBuildFile; fileRef = D3DB3A411A3B009C0004196F /* AudioToolbox.framework */; };
		D3DB3A461A3B009C0004196F /* AVFoundation.framework in Frameworks */ = {isa = PBXBuildFile; fileRef = D3DB3A421A3B009C0004196F /* AVFoundation.framework */; };
		D3DB3A471A3B009C0004196F /* libz.dylib in Frameworks */ = {isa = PBXBuildFile; fileRef = D3DB3A431A3B009C0004196F /* libz.dylib */; };
		D3DB3A481A3B009C0004196F /* UIKit.framework in Frameworks */ = {isa = PBXBuildFile; fileRef = D3DB3A441A3B009C0004196F /* UIKit.framework */; };
		D3DB3A4B1A3B00D50004196F /* CoreFoundation.framework in Frameworks */ = {isa = PBXBuildFile; fileRef = D3DB3A4A1A3B00D50004196F /* CoreFoundation.framework */; };
		D3DB3A521A3B012C0004196F /* CoreTelephony.framework in Frameworks */ = {isa = PBXBuildFile; fileRef = D3DB3A4E1A3B012C0004196F /* CoreTelephony.framework */; };
		D3DB3A531A3B012C0004196F /* Foundation.framework in Frameworks */ = {isa = PBXBuildFile; fileRef = D3DB3A4F1A3B012C0004196F /* Foundation.framework */; };
		D3DB3A541A3B012C0004196F /* QuartzCore.framework in Frameworks */ = {isa = PBXBuildFile; fileRef = D3DB3A501A3B012C0004196F /* QuartzCore.framework */; };
		D3DB3A551A3B012C0004196F /* SystemConfiguration.framework in Frameworks */ = {isa = PBXBuildFile; fileRef = D3DB3A511A3B012C0004196F /* SystemConfiguration.framework */; };
/* End PBXBuildFile section */

/* Begin PBXContainerItemProxy section */
		D3DB3A2A1A3AFFC00004196F /* PBXContainerItemProxy */ = {
			isa = PBXContainerItemProxy;
			containerPortal = D3DB3A081A3AFFC00004196F /* Project object */;
			proxyType = 1;
			remoteGlobalIDString = D3DB3A0F1A3AFFC00004196F;
			remoteInfo = TsHspApp;
		};
/* End PBXContainerItemProxy section */

/* Begin PBXFileReference section */
		D35F60EC1A5A413200EDAAF9 /* iflyMSC.framework */ = {isa = PBXFileReference; lastKnownFileType = wrapper.framework; name = iflyMSC.framework; path = ../lib/iflyMSC.framework; sourceTree = "<group>"; };
		D3DA6C4D1A415EB60078485C /* SBJson4.h */ = {isa = PBXFileReference; fileEncoding = 4; lastKnownFileType = sourcecode.c.h; path = SBJson4.h; sourceTree = "<group>"; };
		D3DA6C4E1A415EB60078485C /* SBJson4Parser.h */ = {isa = PBXFileReference; fileEncoding = 4; lastKnownFileType = sourcecode.c.h; path = SBJson4Parser.h; sourceTree = "<group>"; };
		D3DA6C4F1A415EB60078485C /* SBJson4Parser.m */ = {isa = PBXFileReference; fileEncoding = 4; lastKnownFileType = sourcecode.c.objc; path = SBJson4Parser.m; sourceTree = "<group>"; };
		D3DA6C501A415EB60078485C /* SBJson4StreamParser.h */ = {isa = PBXFileReference; fileEncoding = 4; lastKnownFileType = sourcecode.c.h; path = SBJson4StreamParser.h; sourceTree = "<group>"; };
		D3DA6C511A415EB60078485C /* SBJson4StreamParser.m */ = {isa = PBXFileReference; fileEncoding = 4; lastKnownFileType = sourcecode.c.objc; path = SBJson4StreamParser.m; sourceTree = "<group>"; };
		D3DA6C521A415EB60078485C /* SBJson4StreamParserState.h */ = {isa = PBXFileReference; fileEncoding = 4; lastKnownFileType = sourcecode.c.h; path = SBJson4StreamParserState.h; sourceTree = "<group>"; };
		D3DA6C531A415EB60078485C /* SBJson4StreamParserState.m */ = {isa = PBXFileReference; fileEncoding = 4; lastKnownFileType = sourcecode.c.objc; path = SBJson4StreamParserState.m; sourceTree = "<group>"; };
		D3DA6C541A415EB60078485C /* SBJson4StreamTokeniser.h */ = {isa = PBXFileReference; fileEncoding = 4; lastKnownFileType = sourcecode.c.h; path = SBJson4StreamTokeniser.h; sourceTree = "<group>"; };
		D3DA6C551A415EB60078485C /* SBJson4StreamTokeniser.m */ = {isa = PBXFileReference; fileEncoding = 4; lastKnownFileType = sourcecode.c.objc; path = SBJson4StreamTokeniser.m; sourceTree = "<group>"; };
		D3DA6C561A415EB60078485C /* SBJson4StreamWriter.h */ = {isa = PBXFileReference; fileEncoding = 4; lastKnownFileType = sourcecode.c.h; path = SBJson4StreamWriter.h; sourceTree = "<group>"; };
		D3DA6C571A415EB60078485C /* SBJson4StreamWriter.m */ = {isa = PBXFileReference; fileEncoding = 4; lastKnownFileType = sourcecode.c.objc; path = SBJson4StreamWriter.m; sourceTree = "<group>"; };
		D3DA6C581A415EB60078485C /* SBJson4StreamWriterState.h */ = {isa = PBXFileReference; fileEncoding = 4; lastKnownFileType = sourcecode.c.h; path = SBJson4StreamWriterState.h; sourceTree = "<group>"; };
		D3DA6C591A415EB60078485C /* SBJson4StreamWriterState.m */ = {isa = PBXFileReference; fileEncoding = 4; lastKnownFileType = sourcecode.c.objc; path = SBJson4StreamWriterState.m; sourceTree = "<group>"; };
		D3DA6C5A1A415EB60078485C /* SBJson4Writer.h */ = {isa = PBXFileReference; fileEncoding = 4; lastKnownFileType = sourcecode.c.h; path = SBJson4Writer.h; sourceTree = "<group>"; };
		D3DA6C5B1A415EB60078485C /* SBJson4Writer.m */ = {isa = PBXFileReference; fileEncoding = 4; lastKnownFileType = sourcecode.c.objc; path = SBJson4Writer.m; sourceTree = "<group>"; };
		D3DA6C661A44507E0078485C /* Base */ = {isa = PBXFileReference; lastKnownFileType = audio.wav; name = Base; path = Base.lproj/record_sign.wav; sourceTree = "<group>"; };
		D3DB3A101A3AFFC00004196F /* TsHspApp.app */ = {isa = PBXFileReference; explicitFileType = wrapper.application; includeInIndex = 0; path = TsHspApp.app; sourceTree = BUILT_PRODUCTS_DIR; };
		D3DB3A141A3AFFC00004196F /* Info.plist */ = {isa = PBXFileReference; lastKnownFileType = text.plist.xml; path = Info.plist; sourceTree = "<group>"; };
		D3DB3A151A3AFFC00004196F /* main.m */ = {isa = PBXFileReference; lastKnownFileType = sourcecode.c.objc; path = main.m; sourceTree = "<group>"; };
		D3DB3A171A3AFFC00004196F /* AppDelegate.h */ = {isa = PBXFileReference; lastKnownFileType = sourcecode.c.h; path = AppDelegate.h; sourceTree = "<group>"; };
		D3DB3A181A3AFFC00004196F /* AppDelegate.m */ = {isa = PBXFileReference; lastKnownFileType = sourcecode.c.objc; path = AppDelegate.m; sourceTree = "<group>"; };
		D3DB3A1A1A3AFFC00004196F /* ViewController.h */ = {isa = PBXFileReference; lastKnownFileType = sourcecode.c.h; path = ViewController.h; sourceTree = "<group>"; };
		D3DB3A1E1A3AFFC00004196F /* Base */ = {isa = PBXFileReference; lastKnownFileType = file.storyboard; name = Base; path = Base.lproj/Main.storyboard; sourceTree = "<group>"; };
		D3DB3A201A3AFFC00004196F /* Images.xcassets */ = {isa = PBXFileReference; lastKnownFileType = folder.assetcatalog; path = Images.xcassets; sourceTree = "<group>"; };
		D3DB3A231A3AFFC00004196F /* Base */ = {isa = PBXFileReference; lastKnownFileType = file.xib; name = Base; path = Base.lproj/LaunchScreen.xib; sourceTree = "<group>"; };
		D3DB3A291A3AFFC00004196F /* TsHspAppTests.xctest */ = {isa = PBXFileReference; explicitFileType = wrapper.cfbundle; includeInIndex = 0; path = TsHspAppTests.xctest; sourceTree = BUILT_PRODUCTS_DIR; };
		D3DB3A2E1A3AFFC00004196F /* Info.plist */ = {isa = PBXFileReference; lastKnownFileType = text.plist.xml; path = Info.plist; sourceTree = "<group>"; };
		D3DB3A2F1A3AFFC00004196F /* TsHspAppTests.m */ = {isa = PBXFileReference; lastKnownFileType = sourcecode.c.objc; path = TsHspAppTests.m; sourceTree = "<group>"; };
		D3DB3A391A3B00640004196F /* AQPlayer.h */ = {isa = PBXFileReference; fileEncoding = 4; lastKnownFileType = sourcecode.c.h; path = AQPlayer.h; sourceTree = "<group>"; };
		D3DB3A3A1A3B00640004196F /* AQPlayer.mm */ = {isa = PBXFileReference; fileEncoding = 4; lastKnownFileType = sourcecode.cpp.objcpp; path = AQPlayer.mm; sourceTree = "<group>"; };
		D3DB3A3B1A3B00640004196F /* PcmPlayer.h */ = {isa = PBXFileReference; fileEncoding = 4; lastKnownFileType = sourcecode.c.h; path = PcmPlayer.h; sourceTree = "<group>"; };
		D3DB3A3C1A3B00640004196F /* PcmPlayer.m */ = {isa = PBXFileReference; fileEncoding = 4; lastKnownFileType = sourcecode.c.objc; path = PcmPlayer.m; sourceTree = "<group>"; };
		D3DB3A3D1A3B00640004196F /* ViewController.mm */ = {isa = PBXFileReference; fileEncoding = 4; lastKnownFileType = sourcecode.cpp.objcpp; path = ViewController.mm; sourceTree = "<group>"; };
		D3DB3A411A3B009C0004196F /* AudioToolbox.framework */ = {isa = PBXFileReference; lastKnownFileType = wrapper.framework; name = AudioToolbox.framework; path = System/Library/Frameworks/AudioToolbox.framework; sourceTree = SDKROOT; };
		D3DB3A421A3B009C0004196F /* AVFoundation.framework */ = {isa = PBXFileReference; lastKnownFileType = wrapper.framework; name = AVFoundation.framework; path = System/Library/Frameworks/AVFoundation.framework; sourceTree = SDKROOT; };
		D3DB3A431A3B009C0004196F /* libz.dylib */ = {isa = PBXFileReference; lastKnownFileType = "compiled.mach-o.dylib"; name = libz.dylib; path = usr/lib/libz.dylib; sourceTree = SDKROOT; };
		D3DB3A441A3B009C0004196F /* UIKit.framework */ = {isa = PBXFileReference; lastKnownFileType = wrapper.framework; name = UIKit.framework; path = System/Library/Frameworks/UIKit.framework; sourceTree = SDKROOT; };
		D3DB3A4A1A3B00D50004196F /* CoreFoundation.framework */ = {isa = PBXFileReference; lastKnownFileType = wrapper.framework; name = CoreFoundation.framework; path = System/Library/Frameworks/CoreFoundation.framework; sourceTree = SDKROOT; };
		D3DB3A4E1A3B012C0004196F /* CoreTelephony.framework */ = {isa = PBXFileReference; lastKnownFileType = wrapper.framework; name = CoreTelephony.framework; path = System/Library/Frameworks/CoreTelephony.framework; sourceTree = SDKROOT; };
		D3DB3A4F1A3B012C0004196F /* Foundation.framework */ = {isa = PBXFileReference; lastKnownFileType = wrapper.framework; name = Foundation.framework; path = System/Library/Frameworks/Foundation.framework; sourceTree = SDKROOT; };
		D3DB3A501A3B012C0004196F /* QuartzCore.framework */ = {isa = PBXFileReference; lastKnownFileType = wrapper.framework; name = QuartzCore.framework; path = System/Library/Frameworks/QuartzCore.framework; sourceTree = SDKROOT; };
		D3DB3A511A3B012C0004196F /* SystemConfiguration.framework */ = {isa = PBXFileReference; lastKnownFileType = wrapper.framework; name = SystemConfiguration.framework; path = System/Library/Frameworks/SystemConfiguration.framework; sourceTree = SDKROOT; };
/* End PBXFileReference section */

/* Begin PBXFrameworksBuildPhase section */
		D3DB3A0D1A3AFFC00004196F /* Frameworks */ = {
			isa = PBXFrameworksBuildPhase;
			buildActionMask = 2147483647;
			files = (
				D35F60ED1A5A413200EDAAF9 /* iflyMSC.framework in Frameworks */,
				D3DB3A521A3B012C0004196F /* CoreTelephony.framework in Frameworks */,
				D3DB3A531A3B012C0004196F /* Foundation.framework in Frameworks */,
				D3DB3A541A3B012C0004196F /* QuartzCore.framework in Frameworks */,
				D3DB3A551A3B012C0004196F /* SystemConfiguration.framework in Frameworks */,
				D3DB3A451A3B009C0004196F /* AudioToolbox.framework in Frameworks */,
				D3DB3A4B1A3B00D50004196F /* CoreFoundation.framework in Frameworks */,
				D3DB3A461A3B009C0004196F /* AVFoundation.framework in Frameworks */,
				D3DB3A471A3B009C0004196F /* libz.dylib in Frameworks */,
				D3DB3A481A3B009C0004196F /* UIKit.framework in Frameworks */,
			);
			runOnlyForDeploymentPostprocessing = 0;
		};
		D3DB3A261A3AFFC00004196F /* Frameworks */ = {
			isa = PBXFrameworksBuildPhase;
			buildActionMask = 2147483647;
			files = (
			);
			runOnlyForDeploymentPostprocessing = 0;
		};
/* End PBXFrameworksBuildPhase section */

/* Begin PBXGroup section */
		D3DA6C4C1A415EB60078485C /* SBJson */ = {
			isa = PBXGroup;
			children = (
				D3DA6C4D1A415EB60078485C /* SBJson4.h */,
				D3DA6C4E1A415EB60078485C /* SBJson4Parser.h */,
				D3DA6C4F1A415EB60078485C /* SBJson4Parser.m */,
				D3DA6C501A415EB60078485C /* SBJson4StreamParser.h */,
				D3DA6C511A415EB60078485C /* SBJson4StreamParser.m */,
				D3DA6C521A415EB60078485C /* SBJson4StreamParserState.h */,
				D3DA6C531A415EB60078485C /* SBJson4StreamParserState.m */,
				D3DA6C541A415EB60078485C /* SBJson4StreamTokeniser.h */,
				D3DA6C551A415EB60078485C /* SBJson4StreamTokeniser.m */,
				D3DA6C561A415EB60078485C /* SBJson4StreamWriter.h */,
				D3DA6C571A415EB60078485C /* SBJson4StreamWriter.m */,
				D3DA6C581A415EB60078485C /* SBJson4StreamWriterState.h */,
				D3DA6C591A415EB60078485C /* SBJson4StreamWriterState.m */,
				D3DA6C5A1A415EB60078485C /* SBJson4Writer.h */,
				D3DA6C5B1A415EB60078485C /* SBJson4Writer.m */,
			);
			path = SBJson;
			sourceTree = "<group>";
		};
		D3DB3A071A3AFFC00004196F = {
			isa = PBXGroup;
			children = (
				D3DB3A491A3B00A10004196F /* framework */,
				D3DB3A121A3AFFC00004196F /* TsHspApp */,
				D3DB3A2C1A3AFFC00004196F /* TsHspAppTests */,
				D3DB3A111A3AFFC00004196F /* Products */,
			);
			sourceTree = "<group>";
		};
		D3DB3A111A3AFFC00004196F /* Products */ = {
			isa = PBXGroup;
			children = (
				D3DB3A101A3AFFC00004196F /* TsHspApp.app */,
				D3DB3A291A3AFFC00004196F /* TsHspAppTests.xctest */,
			);
			name = Products;
			sourceTree = "<group>";
		};
		D3DB3A121A3AFFC00004196F /* TsHspApp */ = {
			isa = PBXGroup;
			children = (
				D3DA6C4C1A415EB60078485C /* SBJson */,
				D3DB3A391A3B00640004196F /* AQPlayer.h */,
				D3DB3A3A1A3B00640004196F /* AQPlayer.mm */,
				D3DB3A3B1A3B00640004196F /* PcmPlayer.h */,
				D3DB3A3C1A3B00640004196F /* PcmPlayer.m */,
				D3DB3A3D1A3B00640004196F /* ViewController.mm */,
				D3DB3A171A3AFFC00004196F /* AppDelegate.h */,
				D3DB3A181A3AFFC00004196F /* AppDelegate.m */,
				D3DB3A1A1A3AFFC00004196F /* ViewController.h */,
				D3DB3A1D1A3AFFC00004196F /* Main.storyboard */,
				D3DB3A201A3AFFC00004196F /* Images.xcassets */,
				D3DB3A221A3AFFC00004196F /* LaunchScreen.xib */,
				D3DB3A131A3AFFC00004196F /* Supporting Files */,
			);
			path = TsHspApp;
			sourceTree = "<group>";
		};
		D3DB3A131A3AFFC00004196F /* Supporting Files */ = {
			isa = PBXGroup;
			children = (
				D3DA6C651A44507E0078485C /* record_sign.wav */,
				D3DB3A141A3AFFC00004196F /* Info.plist */,
				D3DB3A151A3AFFC00004196F /* main.m */,
			);
			name = "Supporting Files";
			sourceTree = "<group>";
		};
		D3DB3A2C1A3AFFC00004196F /* TsHspAppTests */ = {
			isa = PBXGroup;
			children = (
				D3DB3A2F1A3AFFC00004196F /* TsHspAppTests.m */,
				D3DB3A2D1A3AFFC00004196F /* Supporting Files */,
			);
			path = TsHspAppTests;
			sourceTree = "<group>";
		};
		D3DB3A2D1A3AFFC00004196F /* Supporting Files */ = {
			isa = PBXGroup;
			children = (
				D3DB3A2E1A3AFFC00004196F /* Info.plist */,
			);
			name = "Supporting Files";
			sourceTree = "<group>";
		};
		D3DB3A491A3B00A10004196F /* framework */ = {
			isa = PBXGroup;
			children = (
				D35F60EC1A5A413200EDAAF9 /* iflyMSC.framework */,
				D3DB3A4E1A3B012C0004196F /* CoreTelephony.framework */,
				D3DB3A4F1A3B012C0004196F /* Foundation.framework */,
				D3DB3A501A3B012C0004196F /* QuartzCore.framework */,
				D3DB3A511A3B012C0004196F /* SystemConfiguration.framework */,
				D3DB3A4A1A3B00D50004196F /* CoreFoundation.framework */,
				D3DB3A411A3B009C0004196F /* AudioToolbox.framework */,
				D3DB3A421A3B009C0004196F /* AVFoundation.framework */,
				D3DB3A431A3B009C0004196F /* libz.dylib */,
				D3DB3A441A3B009C0004196F /* UIKit.framework */,
			);
			name = framework;
			sourceTree = "<group>";
		};
/* End PBXGroup section */

/* Begin PBXNativeTarget section */
		D3DB3A0F1A3AFFC00004196F /* TsHspApp */ = {
			isa = PBXNativeTarget;
			buildConfigurationList = D3DB3A331A3AFFC00004196F /* Build configuration list for PBXNativeTarget "TsHspApp" */;
			buildPhases = (
				D3DB3A0C1A3AFFC00004196F /* Sources */,
				D3DB3A0D1A3AFFC00004196F /* Frameworks */,
				D3DB3A0E1A3AFFC00004196F /* Resources */,
			);
			buildRules = (
			);
			dependencies = (
			);
			name = TsHspApp;
			productName = TsHspApp;
			productReference = D3DB3A101A3AFFC00004196F /* TsHspApp.app */;
			productType = "com.apple.product-type.application";
		};
		D3DB3A281A3AFFC00004196F /* TsHspAppTests */ = {
			isa = PBXNativeTarget;
			buildConfigurationList = D3DB3A361A3AFFC00004196F /* Build configuration list for PBXNativeTarget "TsHspAppTests" */;
			buildPhases = (
				D3DB3A251A3AFFC00004196F /* Sources */,
				D3DB3A261A3AFFC00004196F /* Frameworks */,
				D3DB3A271A3AFFC00004196F /* Resources */,
			);
			buildRules = (
			);
			dependencies = (
				D3DB3A2B1A3AFFC00004196F /* PBXTargetDependency */,
			);
			name = TsHspAppTests;
			productName = TsHspAppTests;
			productReference = D3DB3A291A3AFFC00004196F /* TsHspAppTests.xctest */;
			productType = "com.apple.product-type.bundle.unit-test";
		};
/* End PBXNativeTarget section */

/* Begin PBXProject section */
		D3DB3A081A3AFFC00004196F /* Project object */ = {
			isa = PBXProject;
			attributes = {
				LastUpgradeCheck = 0610;
				ORGANIZATIONNAME = smarttoy;
				TargetAttributes = {
					D3DB3A0F1A3AFFC00004196F = {
						CreatedOnToolsVersion = 6.1.1;
						DevelopmentTeam = 5Y36X3PY4Q;
					};
					D3DB3A281A3AFFC00004196F = {
						CreatedOnToolsVersion = 6.1.1;
						TestTargetID = D3DB3A0F1A3AFFC00004196F;
					};
				};
			};
			buildConfigurationList = D3DB3A0B1A3AFFC00004196F /* Build configuration list for PBXProject "TsHspApp" */;
			compatibilityVersion = "Xcode 3.2";
			developmentRegion = English;
			hasScannedForEncodings = 0;
			knownRegions = (
				en,
				Base,
			);
			mainGroup = D3DB3A071A3AFFC00004196F;
			productRefGroup = D3DB3A111A3AFFC00004196F /* Products */;
			projectDirPath = "";
			projectRoot = "";
			targets = (
				D3DB3A0F1A3AFFC00004196F /* TsHspApp */,
				D3DB3A281A3AFFC00004196F /* TsHspAppTests */,
			);
		};
/* End PBXProject section */

/* Begin PBXResourcesBuildPhase section */
		D3DB3A0E1A3AFFC00004196F /* Resources */ = {
			isa = PBXResourcesBuildPhase;
			buildActionMask = 2147483647;
			files = (
				D3DB3A1F1A3AFFC00004196F /* Main.storyboard in Resources */,
				D3DB3A241A3AFFC00004196F /* LaunchScreen.xib in Resources */,
				D3DA6C671A44507E0078485C /* record_sign.wav in Resources */,
				D3DB3A211A3AFFC00004196F /* Images.xcassets in Resources */,
			);
			runOnlyForDeploymentPostprocessing = 0;
		};
		D3DB3A271A3AFFC00004196F /* Resources */ = {
			isa = PBXResourcesBuildPhase;
			buildActionMask = 2147483647;
			files = (
			);
			runOnlyForDeploymentPostprocessing = 0;
		};
/* End PBXResourcesBuildPhase section */

/* Begin PBXSourcesBuildPhase section */
		D3DB3A0C1A3AFFC00004196F /* Sources */ = {
			isa = PBXSourcesBuildPhase;
			buildActionMask = 2147483647;
			files = (
				D3DA6C5C1A415EB60078485C /* SBJson4Parser.m in Sources */,
				D3DB3A191A3AFFC00004196F /* AppDelegate.m in Sources */,
				D3DA6C601A415EB60078485C /* SBJson4StreamWriter.m in Sources */,
				D3DA6C5E1A415EB60078485C /* SBJson4StreamParserState.m in Sources */,
				D3DB3A3E1A3B00640004196F /* AQPlayer.mm in Sources */,
				D3DB3A401A3B00640004196F /* ViewController.mm in Sources */,
				D3DB3A161A3AFFC00004196F /* main.m in Sources */,
				D3DB3A3F1A3B00640004196F /* PcmPlayer.m in Sources */,
				D3DA6C5D1A415EB60078485C /* SBJson4StreamParser.m in Sources */,
				D3DA6C611A415EB60078485C /* SBJson4StreamWriterState.m in Sources */,
				D3DA6C621A415EB60078485C /* SBJson4Writer.m in Sources */,
				D3DA6C5F1A415EB60078485C /* SBJson4StreamTokeniser.m in Sources */,
			);
			runOnlyForDeploymentPostprocessing = 0;
		};
		D3DB3A251A3AFFC00004196F /* Sources */ = {
			isa = PBXSourcesBuildPhase;
			buildActionMask = 2147483647;
			files = (
				D3DB3A301A3AFFC00004196F /* TsHspAppTests.m in Sources */,
			);
			runOnlyForDeploymentPostprocessing = 0;
		};
/* End PBXSourcesBuildPhase section */

/* Begin PBXTargetDependency section */
		D3DB3A2B1A3AFFC00004196F /* PBXTargetDependency */ = {
			isa = PBXTargetDependency;
			target = D3DB3A0F1A3AFFC00004196F /* TsHspApp */;
			targetProxy = D3DB3A2A1A3AFFC00004196F /* PBXContainerItemProxy */;
		};
/* End PBXTargetDependency section */

/* Begin PBXVariantGroup section */
		D3DA6C651A44507E0078485C /* record_sign.wav */ = {
			isa = PBXVariantGroup;
			children = (
				D3DA6C661A44507E0078485C /* Base */,
			);
			name = record_sign.wav;
			sourceTree = "<group>";
		};
		D3DB3A1D1A3AFFC00004196F /* Main.storyboard */ = {
			isa = PBXVariantGroup;
			children = (
				D3DB3A1E1A3AFFC00004196F /* Base */,
			);
			name = Main.storyboard;
			sourceTree = "<group>";
		};
		D3DB3A221A3AFFC00004196F /* LaunchScreen.xib */ = {
			isa = PBXVariantGroup;
			children = (
				D3DB3A231A3AFFC00004196F /* Base */,
			);
			name = LaunchScreen.xib;
			sourceTree = "<group>";
		};
/* End PBXVariantGroup section */

/* Begin XCBuildConfiguration section */
		D3DB3A311A3AFFC00004196F /* Debug */ = {
			isa = XCBuildConfiguration;
			buildSettings = {
				ALWAYS_SEARCH_USER_PATHS = NO;
				CLANG_CXX_LANGUAGE_STANDARD = "gnu++0x";
				CLANG_CXX_LIBRARY = "libc++";
				CLANG_ENABLE_MODULES = YES;
				CLANG_ENABLE_OBJC_ARC = YES;
				CLANG_WARN_BOOL_CONVERSION = YES;
				CLANG_WARN_CONSTANT_CONVERSION = YES;
				CLANG_WARN_DIRECT_OBJC_ISA_USAGE = YES_ERROR;
				CLANG_WARN_EMPTY_BODY = YES;
				CLANG_WARN_ENUM_CONVERSION = YES;
				CLANG_WARN_INT_CONVERSION = YES;
				CLANG_WARN_OBJC_ROOT_CLASS = YES_ERROR;
				CLANG_WARN_UNREACHABLE_CODE = YES;
				CLANG_WARN__DUPLICATE_METHOD_MATCH = YES;
				"CODE_SIGN_IDENTITY[sdk=iphoneos*]" = "iPhone Developer";
				COPY_PHASE_STRIP = NO;
				ENABLE_STRICT_OBJC_MSGSEND = YES;
				GCC_C_LANGUAGE_STANDARD = gnu99;
				GCC_DYNAMIC_NO_PIC = NO;
				GCC_OPTIMIZATION_LEVEL = 0;
				GCC_PREPROCESSOR_DEFINITIONS = (
					"DEBUG=1",
					"$(inherited)",
				);
				GCC_SYMBOLS_PRIVATE_EXTERN = NO;
				GCC_WARN_64_TO_32_BIT_CONVERSION = YES;
				GCC_WARN_ABOUT_RETURN_TYPE = YES_ERROR;
				GCC_WARN_UNDECLARED_SELECTOR = YES;
				GCC_WARN_UNINITIALIZED_AUTOS = YES_AGGRESSIVE;
				GCC_WARN_UNUSED_FUNCTION = YES;
				GCC_WARN_UNUSED_VARIABLE = YES;
				IPHONEOS_DEPLOYMENT_TARGET = 8.1;
				MTL_ENABLE_DEBUG_INFO = YES;
				ONLY_ACTIVE_ARCH = YES;
				SDKROOT = iphoneos;
			};
			name = Debug;
		};
		D3DB3A321A3AFFC00004196F /* Release */ = {
			isa = XCBuildConfiguration;
			buildSettings = {
				ALWAYS_SEARCH_USER_PATHS = NO;
				CLANG_CXX_LANGUAGE_STANDARD = "gnu++0x";
				CLANG_CXX_LIBRARY = "libc++";
				CLANG_ENABLE_MODULES = YES;
				CLANG_ENABLE_OBJC_ARC = YES;
				CLANG_WARN_BOOL_CONVERSION = YES;
				CLANG_WARN_CONSTANT_CONVERSION = YES;
				CLANG_WARN_DIRECT_OBJC_ISA_USAGE = YES_ERROR;
				CLANG_WARN_EMPTY_BODY = YES;
				CLANG_WARN_ENUM_CONVERSION = YES;
				CLANG_WARN_INT_CONVERSION = YES;
				CLANG_WARN_OBJC_ROOT_CLASS = YES_ERROR;
				CLANG_WARN_UNREACHABLE_CODE = YES;
				CLANG_WARN__DUPLICATE_METHOD_MATCH = YES;
				"CODE_SIGN_IDENTITY[sdk=iphoneos*]" = "iPhone Developer";
				COPY_PHASE_STRIP = YES;
				ENABLE_NS_ASSERTIONS = NO;
				ENABLE_STRICT_OBJC_MSGSEND = YES;
				GCC_C_LANGUAGE_STANDARD = gnu99;
				GCC_WARN_64_TO_32_BIT_CONVERSION = YES;
				GCC_WARN_ABOUT_RETURN_TYPE = YES_ERROR;
				GCC_WARN_UNDECLARED_SELECTOR = YES;
				GCC_WARN_UNINITIALIZED_AUTOS = YES_AGGRESSIVE;
				GCC_WARN_UNUSED_FUNCTION = YES;
				GCC_WARN_UNUSED_VARIABLE = YES;
				IPHONEOS_DEPLOYMENT_TARGET = 8.1;
				MTL_ENABLE_DEBUG_INFO = NO;
				SDKROOT = iphoneos;
				VALIDATE_PRODUCT = YES;
			};
			name = Release;
		};
		D3DB3A341A3AFFC00004196F /* Debug */ = {
			isa = XCBuildConfiguration;
			buildSettings = {
				ASSETCATALOG_COMPILER_APPICON_NAME = AppIcon;
				CODE_SIGN_IDENTITY = "iPhone Developer";
				FRAMEWORK_SEARCH_PATHS = (
					"$(inherited)",
					/Users/newma/Desktop/ios_app,
					/Users/newma/Workspace/smarttoy/trunk/iphone_code/lib,
				);
				INFOPLIST_FILE = TsHspApp/Info.plist;
				LD_RUNPATH_SEARCH_PATHS = "$(inherited) @executable_path/Frameworks";
				PRODUCT_NAME = "$(TARGET_NAME)";
			};
			name = Debug;
		};
		D3DB3A351A3AFFC00004196F /* Release */ = {
			isa = XCBuildConfiguration;
			buildSettings = {
				ASSETCATALOG_COMPILER_APPICON_NAME = AppIcon;
				CODE_SIGN_IDENTITY = "iPhone Developer";
				FRAMEWORK_SEARCH_PATHS = (
					"$(inherited)",
					/Users/newma/Desktop/ios_app,
					/Users/newma/Workspace/smarttoy/trunk/iphone_code/lib,
				);
				INFOPLIST_FILE = TsHspApp/Info.plist;
				LD_RUNPATH_SEARCH_PATHS = "$(inherited) @executable_path/Frameworks";
				PRODUCT_NAME = "$(TARGET_NAME)";
			};
			name = Release;
		};
		D3DB3A371A3AFFC00004196F /* Debug */ = {
			isa = XCBuildConfiguration;
			buildSettings = {
				BUNDLE_LOADER = "$(TEST_HOST)";
				FRAMEWORK_SEARCH_PATHS = (
					"$(SDKROOT)/Developer/Library/Frameworks",
					"$(inherited)",
				);
				GCC_PREPROCESSOR_DEFINITIONS = (
					"DEBUG=1",
					"$(inherited)",
				);
				INFOPLIST_FILE = TsHspAppTests/Info.plist;
				LD_RUNPATH_SEARCH_PATHS = "$(inherited) @executable_path/Frameworks @loader_path/Frameworks";
				PRODUCT_NAME = "$(TARGET_NAME)";
				TEST_HOST = "$(BUILT_PRODUCTS_DIR)/TsHspApp.app/TsHspApp";
			};
			name = Debug;
		};
		D3DB3A381A3AFFC00004196F /* Release */ = {
			isa = XCBuildConfiguration;
			buildSettings = {
				BUNDLE_LOADER = "$(TEST_HOST)";
				FRAMEWORK_SEARCH_PATHS = (
					"$(SDKROOT)/Developer/Library/Frameworks",
					"$(inherited)",
				);
				INFOPLIST_FILE = TsHspAppTests/Info.plist;
				LD_RUNPATH_SEARCH_PATHS = "$(inherited) @executable_path/Frameworks @loader_path/Frameworks";
				PRODUCT_NAME = "$(TARGET_NAME)";
				TEST_HOST = "$(BUILT_PRODUCTS_DIR)/TsHspApp.app/TsHspApp";
			};
			name = Release;
		};
/* End XCBuildConfiguration section */

/* Begin XCConfigurationList section */
		D3DB3A0B1A3AFFC00004196F /* Build configuration list for PBXProject "TsHspApp" */ = {
			isa = XCConfigurationList;
			buildConfigurations = (
				D3DB3A311A3AFFC00004196F /* Debug */,
				D3DB3A321A3AFFC00004196F /* Release */,
			);
			defaultConfigurationIsVisible = 0;
			defaultConfigurationName = Release;
		};
		D3DB3A331A3AFFC00004196F /* Build configuration list for PBXNativeTarget "TsHspApp" */ = {
			isa = XCConfigurationList;
			buildConfigurations = (
				D3DB3A341A3AFFC00004196F /* Debug */,
				D3DB3A351A3AFFC00004196F /* Release */,
			);
			defaultConfigurationIsVisible = 0;
			defaultConfigurationName = Release;
		};
		D3DB3A361A3AFFC00004196F /* Build configuration list for PBXNativeTarget "TsHspAppTests" */ = {
			isa = XCConfigurationList;
			buildConfigurations = (
				D3DB3A371A3AFFC00004196F /* Debug */,
				D3DB3A381A3AFFC00004196F /* Release */,
			);
			defaultConfigurationIsVisible = 0;
			defaultConfigurationName = Release;
		};
/* End XCConfigurationList section */
	};
	rootObject = D3DB3A081A3AFFC00004196F /* Project object */;
}
